// !$*UTF8*$!
{
	archiveVersion = 1;
	classes = {
	};
	objectVersion = 56;
	objects = {

/* Begin PBXBuildFile section */
		F01F13422ABCA2AA006C648B /* AppDelegate.swift in Sources */ = {isa = PBXBuildFile; fileRef = F01F13412ABCA2AA006C648B /* AppDelegate.swift */; };
		F01F13442ABCA2AA006C648B /* SceneDelegate.swift in Sources */ = {isa = PBXBuildFile; fileRef = F01F13432ABCA2AA006C648B /* SceneDelegate.swift */; };
		F01F13462ABCA2AA006C648B /* Anasayfa.swift in Sources */ = {isa = PBXBuildFile; fileRef = F01F13452ABCA2AA006C648B /* Anasayfa.swift */; };
		F01F13492ABCA2AA006C648B /* Main.storyboard in Resources */ = {isa = PBXBuildFile; fileRef = F01F13472ABCA2AA006C648B /* Main.storyboard */; };
		F01F134B2ABCA2AC006C648B /* Assets.xcassets in Resources */ = {isa = PBXBuildFile; fileRef = F01F134A2ABCA2AC006C648B /* Assets.xcassets */; };
		F01F134E2ABCA2AC006C648B /* LaunchScreen.storyboard in Resources */ = {isa = PBXBuildFile; fileRef = F01F134C2ABCA2AC006C648B /* LaunchScreen.storyboard */; };
		F01F13592ABCA420006C648B /* KisiKayit.swift in Sources */ = {isa = PBXBuildFile; fileRef = F01F13582ABCA420006C648B /* KisiKayit.swift */; };
		F01F135B2ABCA438006C648B /* KisiDetay.swift in Sources */ = {isa = PBXBuildFile; fileRef = F01F135A2ABCA438006C648B /* KisiDetay.swift */; };
		F01F135E2ABCA95B006C648B /* Kisiler.swift in Sources */ = {isa = PBXBuildFile; fileRef = F01F135D2ABCA95B006C648B /* Kisiler.swift */; };
		F01F13612ABCB778006C648B /* KisilerHucre.swift in Sources */ = {isa = PBXBuildFile; fileRef = F01F13602ABCB778006C648B /* KisilerHucre.swift */; };
/* End PBXBuildFile section */

/* Begin PBXFileReference section */
		F01F133E2ABCA2AA006C648B /* KisilerUygulamasi.app */ = {isa = PBXFileReference; explicitFileType = wrapper.application; includeInIndex = 0; path = KisilerUygulamasi.app; sourceTree = BUILT_PRODUCTS_DIR; };
		F01F13412ABCA2AA006C648B /* AppDelegate.swift */ = {isa = PBXFileReference; lastKnownFileType = sourcecode.swift; path = AppDelegate.swift; sourceTree = "<group>"; };
		F01F13432ABCA2AA006C648B /* SceneDelegate.swift */ = {isa = PBXFileReference; lastKnownFileType = sourcecode.swift; path = SceneDelegate.swift; sourceTree = "<group>"; };
		F01F13452ABCA2AA006C648B /* Anasayfa.swift */ = {isa = PBXFileReference; lastKnownFileType = sourcecode.swift; path = Anasayfa.swift; sourceTree = "<group>"; };
		F01F13482ABCA2AA006C648B /* Base */ = {isa = PBXFileReference; lastKnownFileType = file.storyboard; name = Base; path = Base.lproj/Main.storyboard; sourceTree = "<group>"; };
		F01F134A2ABCA2AC006C648B /* Assets.xcassets */ = {isa = PBXFileReference; lastKnownFileType = folder.assetcatalog; path = Assets.xcassets; sourceTree = "<group>"; };
		F01F134D2ABCA2AC006C648B /* Base */ = {isa = PBXFileReference; lastKnownFileType = file.storyboard; name = Base; path = Base.lproj/LaunchScreen.storyboard; sourceTree = "<group>"; };
		F01F134F2ABCA2AC006C648B /* Info.plist */ = {isa = PBXFileReference; lastKnownFileType = text.plist.xml; path = Info.plist; sourceTree = "<group>"; };
		F01F13582ABCA420006C648B /* KisiKayit.swift */ = {isa = PBXFileReference; lastKnownFileType = sourcecode.swift; path = KisiKayit.swift; sourceTree = "<group>"; };
		F01F135A2ABCA438006C648B /* KisiDetay.swift */ = {isa = PBXFileReference; lastKnownFileType = sourcecode.swift; path = KisiDetay.swift; sourceTree = "<group>"; };
		F01F135D2ABCA95B006C648B /* Kisiler.swift */ = {isa = PBXFileReference; lastKnownFileType = sourcecode.swift; path = Kisiler.swift; sourceTree = "<group>"; };
		F01F13602ABCB778006C648B /* KisilerHucre.swift */ = {isa = PBXFileReference; lastKnownFileType = sourcecode.swift; path = KisilerHucre.swift; sourceTree = "<group>"; };
/* End PBXFileReference section */

/* Begin PBXFrameworksBuildPhase section */
		F01F133B2ABCA2AA006C648B /* Frameworks */ = {
			isa = PBXFrameworksBuildPhase;
			buildActionMask = 2147483647;
			files = (
			);
			runOnlyForDeploymentPostprocessing = 0;
		};
/* End PBXFrameworksBuildPhase section */

/* Begin PBXGroup section */
		F01F13352ABCA2AA006C648B = {
			isa = PBXGroup;
			children = (
				F01F13402ABCA2AA006C648B /* KisilerUygulamasi */,
				F01F133F2ABCA2AA006C648B /* Products */,
			);
			sourceTree = "<group>";
		};
		F01F133F2ABCA2AA006C648B /* Products */ = {
			isa = PBXGroup;
			children = (
				F01F133E2ABCA2AA006C648B /* KisilerUygulamasi.app */,
			);
			name = Products;
			sourceTree = "<group>";
		};
		F01F13402ABCA2AA006C648B /* KisilerUygulamasi */ = {
			isa = PBXGroup;
			children = (
				F01F13412ABCA2AA006C648B /* AppDelegate.swift */,
				F01F13432ABCA2AA006C648B /* SceneDelegate.swift */,
				F01F13562ABCA375006C648B /* UI */,
				F01F13552ABCA35B006C648B /* Data */,
				F01F13472ABCA2AA006C648B /* Main.storyboard */,
				F01F134A2ABCA2AC006C648B /* Assets.xcassets */,
				F01F134C2ABCA2AC006C648B /* LaunchScreen.storyboard */,
				F01F134F2ABCA2AC006C648B /* Info.plist */,
			);
			path = KisilerUygulamasi;
			sourceTree = "<group>";
		};
		F01F13552ABCA35B006C648B /* Data */ = {
			isa = PBXGroup;
			children = (
				F01F135C2ABCA945006C648B /* Entity */,
			);
			path = Data;
			sourceTree = "<group>";
		};
		F01F13562ABCA375006C648B /* UI */ = {
			isa = PBXGroup;
			children = (
				F01F135F2ABCB74C006C648B /* TableView */,
				F01F13572ABCA382006C648B /* Views */,
			);
			path = UI;
			sourceTree = "<group>";
		};
		F01F13572ABCA382006C648B /* Views */ = {
			isa = PBXGroup;
			children = (
				F01F13452ABCA2AA006C648B /* Anasayfa.swift */,
				F01F13582ABCA420006C648B /* KisiKayit.swift */,
				F01F135A2ABCA438006C648B /* KisiDetay.swift */,
			);
			path = Views;
			sourceTree = "<group>";
		};
		F01F135C2ABCA945006C648B /* Entity */ = {
			isa = PBXGroup;
			children = (
				F01F135D2ABCA95B006C648B /* Kisiler.swift */,
			);
			path = Entity;
			sourceTree = "<group>";
		};
		F01F135F2ABCB74C006C648B /* TableView */ = {
			isa = PBXGroup;
			children = (
				F01F13602ABCB778006C648B /* KisilerHucre.swift */,
			);
			path = TableView;
			sourceTree = "<group>";
		};
/* End PBXGroup section */

/* Begin PBXNativeTarget section */
		F01F133D2ABCA2AA006C648B /* KisilerUygulamasi */ = {
			isa = PBXNativeTarget;
			buildConfigurationList = F01F13522ABCA2AC006C648B /* Build configuration list for PBXNativeTarget "KisilerUygulamasi" */;
			buildPhases = (
				F01F133A2ABCA2AA006C648B /* Sources */,
				F01F133B2ABCA2AA006C648B /* Frameworks */,
				F01F133C2ABCA2AA006C648B /* Resources */,
			);
			buildRules = (
			);
			dependencies = (
			);
			name = KisilerUygulamasi;
			productName = KisilerUygulamasi;
			productReference = F01F133E2ABCA2AA006C648B /* KisilerUygulamasi.app */;
			productType = "com.apple.product-type.application";
		};
/* End PBXNativeTarget section */

/* Begin PBXProject section */
		F01F13362ABCA2AA006C648B /* Project object */ = {
			isa = PBXProject;
			attributes = {
				BuildIndependentTargetsInParallel = 1;
				LastSwiftUpdateCheck = 1430;
				LastUpgradeCheck = 1430;
				TargetAttributes = {
					F01F133D2ABCA2AA006C648B = {
						CreatedOnToolsVersion = 14.3.1;
					};
				};
			};
			buildConfigurationList = F01F13392ABCA2AA006C648B /* Build configuration list for PBXProject "KisilerUygulamasi" */;
			compatibilityVersion = "Xcode 14.0";
			developmentRegion = en;
			hasScannedForEncodings = 0;
			knownRegions = (
				en,
				Base,
			);
			mainGroup = F01F13352ABCA2AA006C648B;
			productRefGroup = F01F133F2ABCA2AA006C648B /* Products */;
			projectDirPath = "";
			projectRoot = "";
			targets = (
				F01F133D2ABCA2AA006C648B /* KisilerUygulamasi */,
			);
		};
/* End PBXProject section */

/* Begin PBXResourcesBuildPhase section */
		F01F133C2ABCA2AA006C648B /* Resources */ = {
			isa = PBXResourcesBuildPhase;
			buildActionMask = 2147483647;
			files = (
				F01F134E2ABCA2AC006C648B /* LaunchScreen.storyboard in Resources */,
				F01F134B2ABCA2AC006C648B /* Assets.xcassets in Resources */,
				F01F13492ABCA2AA006C648B /* Main.storyboard in Resources */,
			);
			runOnlyForDeploymentPostprocessing = 0;
		};
/* End PBXResourcesBuildPhase section */

/* Begin PBXSourcesBuildPhase section */
		F01F133A2ABCA2AA006C648B /* Sources */ = {
			isa = PBXSourcesBuildPhase;
			buildActionMask = 2147483647;
			files = (
				F01F13592ABCA420006C648B /* KisiKayit.swift in Sources */,
				F01F13612ABCB778006C648B /* KisilerHucre.swift in Sources */,
				F01F135B2ABCA438006C648B /* KisiDetay.swift in Sources */,
				F01F13462ABCA2AA006C648B /* Anasayfa.swift in Sources */,
				F01F13422ABCA2AA006C648B /* AppDelegate.swift in Sources */,
				F01F13442ABCA2AA006C648B /* SceneDelegate.swift in Sources */,
				F01F135E2ABCA95B006C648B /* Kisiler.swift in Sources */,
			);
			runOnlyForDeploymentPostprocessing = 0;
		};
/* End PBXSourcesBuildPhase section */

/* Begin PBXVariantGroup section */
		F01F13472ABCA2AA006C648B /* Main.storyboard */ = {
			isa = PBXVariantGroup;
			children = (
				F01F13482ABCA2AA006C648B /* Base */,
			);
			name = Main.storyboard;
			sourceTree = "<group>";
		};
		F01F134C2ABCA2AC006C648B /* LaunchScreen.storyboard */ = {
			isa = PBXVariantGroup;
			children = (
				F01F134D2ABCA2AC006C648B /* Base */,
			);
			name = LaunchScreen.storyboard;
			sourceTree = "<group>";
		};
/* End PBXVariantGroup section */

/* Begin XCBuildConfiguration section */
		F01F13502ABCA2AC006C648B /* Debug */ = {
			isa = XCBuildConfiguration;
			buildSettings = {
				ALWAYS_SEARCH_USER_PATHS = NO;
				CLANG_ANALYZER_NONNULL = YES;
				CLANG_ANALYZER_NUMBER_OBJECT_CONVERSION = YES_AGGRESSIVE;
				CLANG_CXX_LANGUAGE_STANDARD = "gnu++20";
				CLANG_ENABLE_MODULES = YES;
				CLANG_ENABLE_OBJC_ARC = YES;
				CLANG_ENABLE_OBJC_WEAK = YES;
				CLANG_WARN_BLOCK_CAPTURE_AUTORELEASING = YES;
				CLANG_WARN_BOOL_CONVERSION = YES;
				CLANG_WARN_COMMA = YES;
				CLANG_WARN_CONSTANT_CONVERSION = YES;
				CLANG_WARN_DEPRECATED_OBJC_IMPLEMENTATIONS = YES;
				CLANG_WARN_DIRECT_OBJC_ISA_USAGE = YES_ERROR;
				CLANG_WARN_DOCUMENTATION_COMMENTS = YES;
				CLANG_WARN_EMPTY_BODY = YES;
				CLANG_WARN_ENUM_CONVERSION = YES;
				CLANG_WARN_INFINITE_RECURSION = YES;
				CLANG_WARN_INT_CONVERSION = YES;
				CLANG_WARN_NON_LITERAL_NULL_CONVERSION = YES;
				CLANG_WARN_OBJC_IMPLICIT_RETAIN_SELF = YES;
				CLANG_WARN_OBJC_LITERAL_CONVERSION = YES;
				CLANG_WARN_OBJC_ROOT_CLASS = YES_ERROR;
				CLANG_WARN_QUOTED_INCLUDE_IN_FRAMEWORK_HEADER = YES;
				CLANG_WARN_RANGE_LOOP_ANALYSIS = YES;
				CLANG_WARN_STRICT_PROTOTYPES = YES;
				CLANG_WARN_SUSPICIOUS_MOVE = YES;
				CLANG_WARN_UNGUARDED_AVAILABILITY = YES_AGGRESSIVE;
				CLANG_WARN_UNREACHABLE_CODE = YES;
				CLANG_WARN__DUPLICATE_METHOD_MATCH = YES;
				COPY_PHASE_STRIP = NO;
				DEBUG_INFORMATION_FORMAT = dwarf;
				ENABLE_STRICT_OBJC_MSGSEND = YES;
				ENABLE_TESTABILITY = YES;
				GCC_C_LANGUAGE_STANDARD = gnu11;
				GCC_DYNAMIC_NO_PIC = NO;
				GCC_NO_COMMON_BLOCKS = YES;
				GCC_OPTIMIZATION_LEVEL = 0;
				GCC_PREPROCESSOR_DEFINITIONS = (
					"DEBUG=1",
					"$(inherited)",
				);
				GCC_WARN_64_TO_32_BIT_CONVERSION = YES;
				GCC_WARN_ABOUT_RETURN_TYPE = YES_ERROR;
				GCC_WARN_UNDECLARED_SELECTOR = YES;
				GCC_WARN_UNINITIALIZED_AUTOS = YES_AGGRESSIVE;
				GCC_WARN_UNUSED_FUNCTION = YES;
				GCC_WARN_UNUSED_VARIABLE = YES;
				IPHONEOS_DEPLOYMENT_TARGET = 16.4;
				MTL_ENABLE_DEBUG_INFO = INCLUDE_SOURCE;
				MTL_FAST_MATH = YES;
				ONLY_ACTIVE_ARCH = YES;
				SDKROOT = iphoneos;
				SWIFT_ACTIVE_COMPILATION_CONDITIONS = DEBUG;
				SWIFT_OPTIMIZATION_LEVEL = "-Onone";
			};
			name = Debug;
		};
		F01F13512ABCA2AC006C648B /* Release */ = {
			isa = XCBuildConfiguration;
			buildSettings = {
				ALWAYS_SEARCH_USER_PATHS = NO;
				CLANG_ANALYZER_NONNULL = YES;
				CLANG_ANALYZER_NUMBER_OBJECT_CONVERSION = YES_AGGRESSIVE;
				CLANG_CXX_LANGUAGE_STANDARD = "gnu++20";
				CLANG_ENABLE_MODULES = YES;
				CLANG_ENABLE_OBJC_ARC = YES;
				CLANG_ENABLE_OBJC_WEAK = YES;
				CLANG_WARN_BLOCK_CAPTURE_AUTORELEASING = YES;
				CLANG_WARN_BOOL_CONVERSION = YES;
				CLANG_WARN_COMMA = YES;
				CLANG_WARN_CONSTANT_CONVERSION = YES;
				CLANG_WARN_DEPRECATED_OBJC_IMPLEMENTATIONS = YES;
				CLANG_WARN_DIRECT_OBJC_ISA_USAGE = YES_ERROR;
				CLANG_WARN_DOCUMENTATION_COMMENTS = YES;
				CLANG_WARN_EMPTY_BODY = YES;
				CLANG_WARN_ENUM_CONVERSION = YES;
				CLANG_WARN_INFINITE_RECURSION = YES;
				CLANG_WARN_INT_CONVERSION = YES;
				CLANG_WARN_NON_LITERAL_NULL_CONVERSION = YES;
				CLANG_WARN_OBJC_IMPLICIT_RETAIN_SELF = YES;
				CLANG_WARN_OBJC_LITERAL_CONVERSION = YES;
				CLANG_WARN_OBJC_ROOT_CLASS = YES_ERROR;
				CLANG_WARN_QUOTED_INCLUDE_IN_FRAMEWORK_HEADER = YES;
				CLANG_WARN_RANGE_LOOP_ANALYSIS = YES;
				CLANG_WARN_STRICT_PROTOTYPES = YES;
				CLANG_WARN_SUSPICIOUS_MOVE = YES;
				CLANG_WARN_UNGUARDED_AVAILABILITY = YES_AGGRESSIVE;
				CLANG_WARN_UNREACHABLE_CODE = YES;
				CLANG_WARN__DUPLICATE_METHOD_MATCH = YES;
				COPY_PHASE_STRIP = NO;
				DEBUG_INFORMATION_FORMAT = "dwarf-with-dsym";
				ENABLE_NS_ASSERTIONS = NO;
				ENABLE_STRICT_OBJC_MSGSEND = YES;
				GCC_C_LANGUAGE_STANDARD = gnu11;
				GCC_NO_COMMON_BLOCKS = YES;
				GCC_WARN_64_TO_32_BIT_CONVERSION = YES;
				GCC_WARN_ABOUT_RETURN_TYPE = YES_ERROR;
				GCC_WARN_UNDECLARED_SELECTOR = YES;
				GCC_WARN_UNINITIALIZED_AUTOS = YES_AGGRESSIVE;
				GCC_WARN_UNUSED_FUNCTION = YES;
				GCC_WARN_UNUSED_VARIABLE = YES;
				IPHONEOS_DEPLOYMENT_TARGET = 16.4;
				MTL_ENABLE_DEBUG_INFO = NO;
				MTL_FAST_MATH = YES;
				SDKROOT = iphoneos;
				SWIFT_COMPILATION_MODE = wholemodule;
				SWIFT_OPTIMIZATION_LEVEL = "-O";
				VALIDATE_PRODUCT = YES;
			};
			name = Release;
		};
		F01F13532ABCA2AC006C648B /* Debug */ = {
			isa = XCBuildConfiguration;
			buildSettings = {
				ASSETCATALOG_COMPILER_APPICON_NAME = AppIcon;
				ASSETCATALOG_COMPILER_GLOBAL_ACCENT_COLOR_NAME = AccentColor;
				CODE_SIGN_STYLE = Automatic;
				CURRENT_PROJECT_VERSION = 1;
				DEVELOPMENT_TEAM = JF2T5HNS2H;
				GENERATE_INFOPLIST_FILE = YES;
				INFOPLIST_FILE = KisilerUygulamasi/Info.plist;
				INFOPLIST_KEY_UIApplicationSupportsIndirectInputEvents = YES;
				INFOPLIST_KEY_UILaunchStoryboardName = LaunchScreen;
				INFOPLIST_KEY_UIMainStoryboardFile = Main;
				INFOPLIST_KEY_UISupportedInterfaceOrientations_iPad = "UIInterfaceOrientationPortrait UIInterfaceOrientationPortraitUpsideDown UIInterfaceOrientationLandscapeLeft UIInterfaceOrientationLandscapeRight";
				INFOPLIST_KEY_UISupportedInterfaceOrientations_iPhone = "UIInterfaceOrientationPortrait UIInterfaceOrientationLandscapeLeft UIInterfaceOrientationLandscapeRight";
				LD_RUNPATH_SEARCH_PATHS = (
					"$(inherited)",
					"@executable_path/Frameworks",
				);
				MARKETING_VERSION = 1.0;
				PRODUCT_BUNDLE_IDENTIFIER = com.kadirhankeles.KisilerUygulamasi;
				PRODUCT_NAME = "$(TARGET_NAME)";
				SWIFT_EMIT_LOC_STRINGS = YES;
				SWIFT_VERSION = 5.0;
				TARGETED_DEVICE_FAMILY = "1,2";
			};
			name = Debug;
		};
		F01F13542ABCA2AC006C648B /* Release */ = {
			isa = XCBuildConfiguration;
			buildSettings = {
				ASSETCATALOG_COMPILER_APPICON_NAME = AppIcon;
				ASSETCATALOG_COMPILER_GLOBAL_ACCENT_COLOR_NAME = AccentColor;
				CODE_SIGN_STYLE = Automatic;
				CURRENT_PROJECT_VERSION = 1;
				DEVELOPMENT_TEAM = JF2T5HNS2H;
				GENERATE_INFOPLIST_FILE = YES;
				INFOPLIST_FILE = KisilerUygulamasi/Info.plist;
				INFOPLIST_KEY_UIApplicationSupportsIndirectInputEvents = YES;
				INFOPLIST_KEY_UILaunchStoryboardName = LaunchScreen;
				INFOPLIST_KEY_UIMainStoryboardFile = Main;
				INFOPLIST_KEY_UISupportedInterfaceOrientations_iPad = "UIInterfaceOrientationPortrait UIInterfaceOrientationPortraitUpsideDown UIInterfaceOrientationLandscapeLeft UIInterfaceOrientationLandscapeRight";
				INFOPLIST_KEY_UISupportedInterfaceOrientations_iPhone = "UIInterfaceOrientationPortrait UIInterfaceOrientationLandscapeLeft UIInterfaceOrientationLandscapeRight";
				LD_RUNPATH_SEARCH_PATHS = (
					"$(inherited)",
					"@executable_path/Frameworks",
				);
				MARKETING_VERSION = 1.0;
				PRODUCT_BUNDLE_IDENTIFIER = com.kadirhankeles.KisilerUygulamasi;
				PRODUCT_NAME = "$(TARGET_NAME)";
				SWIFT_EMIT_LOC_STRINGS = YES;
				SWIFT_VERSION = 5.0;
				TARGETED_DEVICE_FAMILY = "1,2";
			};
			name = Release;
		};
/* End XCBuildConfiguration section */

/* Begin XCConfigurationList section */
		F01F13392ABCA2AA006C648B /* Build configuration list for PBXProject "KisilerUygulamasi" */ = {
			isa = XCConfigurationList;
			buildConfigurations = (
				F01F13502ABCA2AC006C648B /* Debug */,
				F01F13512ABCA2AC006C648B /* Release */,
			);
			defaultConfigurationIsVisible = 0;
			defaultConfigurationName = Release;
		};
		F01F13522ABCA2AC006C648B /* Build configuration list for PBXNativeTarget "KisilerUygulamasi" */ = {
			isa = XCConfigurationList;
			buildConfigurations = (
				F01F13532ABCA2AC006C648B /* Debug */,
				F01F13542ABCA2AC006C648B /* Release */,
			);
			defaultConfigurationIsVisible = 0;
			defaultConfigurationName = Release;
		};
/* End XCConfigurationList section */
	};
	rootObject = F01F13362ABCA2AA006C648B /* Project object */;
}
